# THIS IS AN AUTOGENERATED FILE. DO NOT EDIT THIS FILE DIRECTLY.
# yarn lockfile v1


"@types/prop-types@*":
  version "15.7.1"
  resolved "https://registry.yarnpkg.com/@types/prop-types/-/prop-types-15.7.1.tgz#f1a11e7babb0c3cad68100be381d1e064c68f1f6"

"@types/react@^16.8.3":
  version "16.8.22"
  resolved "https://registry.yarnpkg.com/@types/react/-/react-16.8.22.tgz#7f18bf5ea0c1cad73c46b6b1c804a3ce0eec6d54"
  dependencies:
    "@types/prop-types" "*"
    csstype "^2.2.0"

csstype@^2.2.0:
  version "2.6.5"
  resolved "https://registry.yarnpkg.com/csstype/-/csstype-2.6.5.tgz#1cd1dff742ebf4d7c991470ae71e12bb6751e034"

ts-invariant@0.4.1:
  version "0.4.1"
  resolved "https://registry.yarnpkg.com/ts-invariant/-/ts-invariant-0.4.1.tgz#2612cb76626cf7c6debf59e6d284d0abd9caae07"
  dependencies:
    tslib "^1.9.3"

tslib@^1.9.3:
  version "1.10.0"
  resolved "https://registry.yarnpkg.com/tslib/-/tslib-1.10.0.tgz#c3c19f95973fb0a62973fb09d90d961ee43e5c8a"
