{
	"name": "@bbp/nexus-sdk",
	"version": "1.1.0",
	"lockfileVersion": 1,
	"requires": true,
	"dependencies": {
		"tslib": {
			"version": "1.9.3",
			"resolved": "https://registry.npmjs.org/tslib/-/tslib-1.9.3.tgz",
			"integrity": "sha512-4krF8scpejhaOgqzBEcGM7yDIEfi0/8+8zDRZhNZZ2kjmHJ4hv3zCbQWxoJGz1iw5U0Jl0nma13xzHXcncMavQ=="
		},
		"zen-observable": {
			"version": "0.8.14",
			"resolved": "https://registry.npmjs.org/zen-observable/-/zen-observable-0.8.14.tgz",
			"integrity": "sha512-kQz39uonEjEESwh+qCi83kcC3rZJGh4mrZW7xjkSQYXkq//JZHTtKo+6yuVloTgMtzsIWOJrjIrKvk/dqm0L5g=="
		},
		"zen-observable-ts": {
			"version": "0.8.18",
			"resolved": "https://registry.npmjs.org/zen-observable-ts/-/zen-observable-ts-0.8.18.tgz",
			"integrity": "sha512-q7d05s75Rn1j39U5Oapg3HI2wzriVwERVo4N7uFGpIYuHB9ff02P/E92P9B8T7QVC93jCMHpbXH7X0eVR5LA7A==",
			"requires": {
				"tslib": "^1.9.3",
				"zen-observable": "^0.8.0"
			}
		}
	}
}
