# THIS IS AN AUTOGENERATED FILE. DO NOT EDIT THIS FILE DIRECTLY.
# yarn lockfile v1


"@bbp/nexus-link@^1.1.6":
  version "1.1.6"
  resolved "https://registry.yarnpkg.com/@bbp/nexus-link/-/nexus-link-1.1.6.tgz#fac7369467c6575ef841ad9a2d944eadea973f02"
  integrity sha512-keq2J9XrtGLtg6kvCQFXceD8CHiFLTG0TtnQpbhyy1dJJykpE+w8kyduLgAk895uv1isrNLImWsVZucold8Iew==
  dependencies:
    rxjs "^6.5.2"

rxjs@^6.5.2:
  version "6.5.3"
  resolved "https://registry.yarnpkg.com/rxjs/-/rxjs-6.5.3.tgz#510e26317f4db91a7eb1de77d9dd9ba0a4899a3a"
  integrity sha512-wuYsAYYFdWTAnAaPoKGNhfpWwKZbJW+HgAJ+mImp+Epl7BG8oNWBCTyRM8gba9k4lk8BgWdoYm21Mo/RYhhbgA==
  dependencies:
    tslib "^1.9.0"

tslib@^1.9.0:
  version "1.10.0"
  resolved "https://registry.yarnpkg.com/tslib/-/tslib-1.10.0.tgz#c3c19f95973fb0a62973fb09d90d961ee43e5c8a"
  integrity sha512-qOebF53frne81cf0S9B41ByenJ3/IuH8yJKngAX35CmiZySA0khhkovshKK+jGCaMnVomla7gVlIcc3EvKPbTQ==
