# THIS IS AN AUTOGENERATED FILE. DO NOT EDIT THIS FILE DIRECTLY.
# yarn lockfile v1


tslib@^1.9.3:
  version "1.10.0"
  resolved "https://registry.yarnpkg.com/tslib/-/tslib-1.10.0.tgz#c3c19f95973fb0a62973fb09d90d961ee43e5c8a"

zen-observable-ts@^0.8.18:
  version "0.8.19"
  resolved "https://registry.yarnpkg.com/zen-observable-ts/-/zen-observable-ts-0.8.19.tgz#c094cd20e83ddb02a11144a6e2a89706946b5694"
  dependencies:
    tslib "^1.9.3"
    zen-observable "^0.8.0"

zen-observable@^0.8.0:
  version "0.8.14"
  resolved "https://registry.yarnpkg.com/zen-observable/-/zen-observable-0.8.14.tgz#d33058359d335bc0db1f0af66158b32872af3bf7"
